
Microsoft Visual Studio Solution File, Format Version 12.00
# Visual Studio 15
Project("{FAE04EC0-301F-11D3-BF4B-00C04F79EFBC}") = "MinhaDemoMvc", "MinhaDemoMvc\MinhaDemoMvc.csproj", "{15DDB15A-3662-4E4E-860C-07F49DA52524}"
EndProject
Global
	GlobalSection(SolutionConfigurationPlatforms) = preSolution
		Debug|Any CPU = Debug|Any CPU
		Release|Any CPU = Release|Any CPU
	EndGlobalSection
	GlobalSection(ProjectConfigurationPlatforms) = postSolution
		{15DDB15A-3662-4E4E-860C-07F49DA52524}.Debug|Any CPU.ActiveCfg = Debug|Any CPU
		{15DDB15A-3662-4E4E-860C-07F49DA52524}.Debug|Any CPU.Build.0 = Debug|Any CPU
		{15DDB15A-3662-4E4E-860C-07F49DA52524}.Release|Any CPU.ActiveCfg = Release|Any CPU
		{15DDB15A-3662-4E4E-860C-07F49DA52524}.Release|Any CPU.Build.0 = Release|Any CPU
	EndGlobalSection
EndGlobal
